
Microsoft Visual Studio Solution File, Format Version 12.00
# Visual Studio Version 17
VisualStudioVersion = 17.5.33516.290
MinimumVisualStudioVersion = 10.0.40219.1
Project("{FAE04EC0-301F-11D3-BF4B-00C04F79EFBC}") = "StoneApi", "StoneApi.csproj", "{AFE0C79B-9D45-4083-A060-5DB5BB817B19}"
EndProject
Global
	GlobalSection(SolutionConfigurationPlatforms) = preSolution
		Debug|Any CPU = Debug|Any CPU
		Release|Any CPU = Release|Any CPU
	EndGlobalSection
	GlobalSection(ProjectConfigurationPlatforms) = postSolution
		{AFE0C79B-9D45-4083-A060-5DB5BB817B19}.Debug|Any CPU.ActiveCfg = Debug|Any CPU
		{AFE0C79B-9D45-4083-A060-5DB5BB817B19}.Debug|Any CPU.Build.0 = Debug|Any CPU
		{AFE0C79B-9D45-4083-A060-5DB5BB817B19}.Release|Any CPU.ActiveCfg = Release|Any CPU
		{AFE0C79B-9D45-4083-A060-5DB5BB817B19}.Release|Any CPU.Build.0 = Release|Any CPU
	EndGlobalSection
	GlobalSection(SolutionProperties) = preSolution
		HideSolutionNode = FALSE
	EndGlobalSection
	GlobalSection(ExtensibilityGlobals) = postSolution
		SolutionGuid = {8E88B274-DBA1-4078-A86C-7434CFDED833}
	EndGlobalSection
EndGlobal
